// !$*UTF8*$!
{
	archiveVersion = 1;
	classes = {
	};
	objectVersion = 46;
	objects = {

/* Begin PBXBuildFile section */
		12D35D3A19141C51004D6D42 /* Cocoa.framework in Frameworks */ = {isa = PBXBuildFile; fileRef = 12D35D3919141C51004D6D42 /* Cocoa.framework */; };
		12D35D4419141C51004D6D42 /* InfoPlist.strings in Resources */ = {isa = PBXBuildFile; fileRef = 12D35D4219141C51004D6D42 /* InfoPlist.strings */; };
		12D35D4619141C51004D6D42 /* main.m in Sources */ = {isa = PBXBuildFile; fileRef = 12D35D4519141C51004D6D42 /* main.m */; };
		12D35D4A19141C51004D6D42 /* Credits.rtf in Resources */ = {isa = PBXBuildFile; fileRef = 12D35D4819141C51004D6D42 /* Credits.rtf */; };
		12D35D4D19141C51004D6D42 /* AppDelegate.m in Sources */ = {isa = PBXBuildFile; fileRef = 12D35D4C19141C51004D6D42 /* AppDelegate.m */; };
		12D35D5019141C51004D6D42 /* MainMenu.xib in Resources */ = {isa = PBXBuildFile; fileRef = 12D35D4E19141C51004D6D42 /* MainMenu.xib */; };
		12D35D5819141C51004D6D42 /* SenTestingKit.framework in Frameworks */ = {isa = PBXBuildFile; fileRef = 12D35D5719141C51004D6D42 /* SenTestingKit.framework */; };
		12D35D5919141C51004D6D42 /* Cocoa.framework in Frameworks */ = {isa = PBXBuildFile; fileRef = 12D35D3919141C51004D6D42 /* Cocoa.framework */; };
		12D35D6119141C51004D6D42 /* InfoPlist.strings in Resources */ = {isa = PBXBuildFile; fileRef = 12D35D5F19141C51004D6D42 /* InfoPlist.strings */; };
		12D35D6419141C51004D6D42 /* AlunoTests.m in Sources */ = {isa = PBXBuildFile; fileRef = 12D35D6319141C51004D6D42 /* AlunoTests.m */; };
		12D35D6F19141F1B004D6D42 /* BEPiDAluno.m in Sources */ = {isa = PBXBuildFile; fileRef = 12D35D6E19141F1B004D6D42 /* BEPiDAluno.m */; };
		12D35DB719152E8B004D6D42 /* grupos_d110.txt in Resources */ = {isa = PBXBuildFile; fileRef = 12D35DB619152E8B004D6D42 /* grupos_d110.txt */; };
/* End PBXBuildFile section */

/* Begin PBXContainerItemProxy section */
		12D35D5A19141C51004D6D42 /* PBXContainerItemProxy */ = {
			isa = PBXContainerItemProxy;
			containerPortal = 12D35D2E19141C50004D6D42 /* Project object */;
			proxyType = 1;
			remoteGlobalIDString = 12D35D3519141C50004D6D42;
			remoteInfo = Aluno;
		};
/* End PBXContainerItemProxy section */

/* Begin PBXFileReference section */
		12D35D3619141C51004D6D42 /* Aluno.app */ = {isa = PBXFileReference; explicitFileType = wrapper.application; includeInIndex = 0; path = Aluno.app; sourceTree = BUILT_PRODUCTS_DIR; };
		12D35D3919141C51004D6D42 /* Cocoa.framework */ = {isa = PBXFileReference; lastKnownFileType = wrapper.framework; name = Cocoa.framework; path = System/Library/Frameworks/Cocoa.framework; sourceTree = SDKROOT; };
		12D35D3C19141C51004D6D42 /* AppKit.framework */ = {isa = PBXFileReference; lastKnownFileType = wrapper.framework; name = AppKit.framework; path = System/Library/Frameworks/AppKit.framework; sourceTree = SDKROOT; };
		12D35D3D19141C51004D6D42 /* CoreData.framework */ = {isa = PBXFileReference; lastKnownFileType = wrapper.framework; name = CoreData.framework; path = System/Library/Frameworks/CoreData.framework; sourceTree = SDKROOT; };
		12D35D3E19141C51004D6D42 /* Foundation.framework */ = {isa = PBXFileReference; lastKnownFileType = wrapper.framework; name = Foundation.framework; path = System/Library/Frameworks/Foundation.framework; sourceTree = SDKROOT; };
		12D35D4119141C51004D6D42 /* Aluno-Info.plist */ = {isa = PBXFileReference; lastKnownFileType = text.plist.xml; path = "Aluno-Info.plist"; sourceTree = "<group>"; };
		12D35D4319141C51004D6D42 /* en */ = {isa = PBXFileReference; lastKnownFileType = text.plist.strings; name = en; path = en.lproj/InfoPlist.strings; sourceTree = "<group>"; };
		12D35D4519141C51004D6D42 /* main.m */ = {isa = PBXFileReference; lastKnownFileType = sourcecode.c.objc; path = main.m; sourceTree = "<group>"; };
		12D35D4719141C51004D6D42 /* Aluno-Prefix.pch */ = {isa = PBXFileReference; lastKnownFileType = sourcecode.c.h; path = "Aluno-Prefix.pch"; sourceTree = "<group>"; };
		12D35D4919141C51004D6D42 /* en */ = {isa = PBXFileReference; lastKnownFileType = text.rtf; name = en; path = en.lproj/Credits.rtf; sourceTree = "<group>"; };
		12D35D4B19141C51004D6D42 /* AppDelegate.h */ = {isa = PBXFileReference; lastKnownFileType = sourcecode.c.h; path = AppDelegate.h; sourceTree = "<group>"; };
		12D35D4C19141C51004D6D42 /* AppDelegate.m */ = {isa = PBXFileReference; lastKnownFileType = sourcecode.c.objc; path = AppDelegate.m; sourceTree = "<group>"; };
		12D35D4F19141C51004D6D42 /* en */ = {isa = PBXFileReference; lastKnownFileType = file.xib; name = en; path = en.lproj/MainMenu.xib; sourceTree = "<group>"; };
		12D35D5619141C51004D6D42 /* AlunoTests.octest */ = {isa = PBXFileReference; explicitFileType = wrapper.cfbundle; includeInIndex = 0; path = AlunoTests.octest; sourceTree = BUILT_PRODUCTS_DIR; };
		12D35D5719141C51004D6D42 /* SenTestingKit.framework */ = {isa = PBXFileReference; lastKnownFileType = wrapper.framework; name = SenTestingKit.framework; path = Library/Frameworks/SenTestingKit.framework; sourceTree = DEVELOPER_DIR; };
		12D35D5E19141C51004D6D42 /* AlunoTests-Info.plist */ = {isa = PBXFileReference; lastKnownFileType = text.plist.xml; path = "AlunoTests-Info.plist"; sourceTree = "<group>"; };
		12D35D6019141C51004D6D42 /* en */ = {isa = PBXFileReference; lastKnownFileType = text.plist.strings; name = en; path = en.lproj/InfoPlist.strings; sourceTree = "<group>"; };
		12D35D6219141C51004D6D42 /* AlunoTests.h */ = {isa = PBXFileReference; lastKnownFileType = sourcecode.c.h; path = AlunoTests.h; sourceTree = "<group>"; };
		12D35D6319141C51004D6D42 /* AlunoTests.m */ = {isa = PBXFileReference; lastKnownFileType = sourcecode.c.objc; path = AlunoTests.m; sourceTree = "<group>"; };
		12D35D6D19141F1B004D6D42 /* BEPiDAluno.h */ = {isa = PBXFileReference; fileEncoding = 4; lastKnownFileType = sourcecode.c.h; path = BEPiDAluno.h; sourceTree = "<group>"; };
		12D35D6E19141F1B004D6D42 /* BEPiDAluno.m */ = {isa = PBXFileReference; fileEncoding = 4; lastKnownFileType = sourcecode.c.objc; path = BEPiDAluno.m; sourceTree = "<group>"; };
		12D35DB619152E8B004D6D42 /* grupos_d110.txt */ = {isa = PBXFileReference; fileEncoding = 4; lastKnownFileType = text; path = grupos_d110.txt; sourceTree = "<group>"; };
/* End PBXFileReference section */

/* Begin PBXFrameworksBuildPhase section */
		12D35D3319141C50004D6D42 /* Frameworks */ = {
			isa = PBXFrameworksBuildPhase;
			buildActionMask = 2147483647;
			files = (
				12D35D3A19141C51004D6D42 /* Cocoa.framework in Frameworks */,
			);
			runOnlyForDeploymentPostprocessing = 0;
		};
		12D35D5219141C51004D6D42 /* Frameworks */ = {
			isa = PBXFrameworksBuildPhase;
			buildActionMask = 2147483647;
			files = (
				12D35D5819141C51004D6D42 /* SenTestingKit.framework in Frameworks */,
				12D35D5919141C51004D6D42 /* Cocoa.framework in Frameworks */,
			);
			runOnlyForDeploymentPostprocessing = 0;
		};
/* End PBXFrameworksBuildPhase section */

/* Begin PBXGroup section */
		12D35D2D19141C50004D6D42 = {
			isa = PBXGroup;
			children = (
				12D35DB619152E8B004D6D42 /* grupos_d110.txt */,
				12D35D6D19141F1B004D6D42 /* BEPiDAluno.h */,
				12D35D6E19141F1B004D6D42 /* BEPiDAluno.m */,
				12D35D3F19141C51004D6D42 /* Aluno */,
				12D35D5C19141C51004D6D42 /* AlunoTests */,
				12D35D3819141C51004D6D42 /* Frameworks */,
				12D35D3719141C51004D6D42 /* Products */,
			);
			sourceTree = "<group>";
		};
		12D35D3719141C51004D6D42 /* Products */ = {
			isa = PBXGroup;
			children = (
				12D35D3619141C51004D6D42 /* Aluno.app */,
				12D35D5619141C51004D6D42 /* AlunoTests.octest */,
			);
			name = Products;
			sourceTree = "<group>";
		};
		12D35D3819141C51004D6D42 /* Frameworks */ = {
			isa = PBXGroup;
			children = (
				12D35D3919141C51004D6D42 /* Cocoa.framework */,
				12D35D5719141C51004D6D42 /* SenTestingKit.framework */,
				12D35D3B19141C51004D6D42 /* Other Frameworks */,
			);
			name = Frameworks;
			sourceTree = "<group>";
		};
		12D35D3B19141C51004D6D42 /* Other Frameworks */ = {
			isa = PBXGroup;
			children = (
				12D35D3C19141C51004D6D42 /* AppKit.framework */,
				12D35D3D19141C51004D6D42 /* CoreData.framework */,
				12D35D3E19141C51004D6D42 /* Foundation.framework */,
			);
			name = "Other Frameworks";
			sourceTree = "<group>";
		};
		12D35D3F19141C51004D6D42 /* Aluno */ = {
			isa = PBXGroup;
			children = (
				12D35D4B19141C51004D6D42 /* AppDelegate.h */,
				12D35D4C19141C51004D6D42 /* AppDelegate.m */,
				12D35D4E19141C51004D6D42 /* MainMenu.xib */,
				12D35D4019141C51004D6D42 /* Supporting Files */,
			);
			path = Aluno;
			sourceTree = "<group>";
		};
		12D35D4019141C51004D6D42 /* Supporting Files */ = {
			isa = PBXGroup;
			children = (
				12D35D4119141C51004D6D42 /* Aluno-Info.plist */,
				12D35D4219141C51004D6D42 /* InfoPlist.strings */,
				12D35D4519141C51004D6D42 /* main.m */,
				12D35D4719141C51004D6D42 /* Aluno-Prefix.pch */,
				12D35D4819141C51004D6D42 /* Credits.rtf */,
			);
			name = "Supporting Files";
			sourceTree = "<group>";
		};
		12D35D5C19141C51004D6D42 /* AlunoTests */ = {
			isa = PBXGroup;
			children = (
				12D35D6219141C51004D6D42 /* AlunoTests.h */,
				12D35D6319141C51004D6D42 /* AlunoTests.m */,
				12D35D5D19141C51004D6D42 /* Supporting Files */,
			);
			path = AlunoTests;
			sourceTree = "<group>";
		};
		12D35D5D19141C51004D6D42 /* Supporting Files */ = {
			isa = PBXGroup;
			children = (
				12D35D5E19141C51004D6D42 /* AlunoTests-Info.plist */,
				12D35D5F19141C51004D6D42 /* InfoPlist.strings */,
			);
			name = "Supporting Files";
			sourceTree = "<group>";
		};
/* End PBXGroup section */

/* Begin PBXNativeTarget section */
		12D35D3519141C50004D6D42 /* Aluno */ = {
			isa = PBXNativeTarget;
			buildConfigurationList = 12D35D6719141C51004D6D42 /* Build configuration list for PBXNativeTarget "Aluno" */;
			buildPhases = (
				12D35D3219141C50004D6D42 /* Sources */,
				12D35D3319141C50004D6D42 /* Frameworks */,
				12D35D3419141C50004D6D42 /* Resources */,
			);
			buildRules = (
			);
			dependencies = (
			);
			name = Aluno;
			productName = Aluno;
			productReference = 12D35D3619141C51004D6D42 /* Aluno.app */;
			productType = "com.apple.product-type.application";
		};
		12D35D5519141C51004D6D42 /* AlunoTests */ = {
			isa = PBXNativeTarget;
			buildConfigurationList = 12D35D6A19141C51004D6D42 /* Build configuration list for PBXNativeTarget "AlunoTests" */;
			buildPhases = (
				12D35D5119141C51004D6D42 /* Sources */,
				12D35D5219141C51004D6D42 /* Frameworks */,
				12D35D5319141C51004D6D42 /* Resources */,
				12D35D5419141C51004D6D42 /* ShellScript */,
			);
			buildRules = (
			);
			dependencies = (
				12D35D5B19141C51004D6D42 /* PBXTargetDependency */,
			);
			name = AlunoTests;
			productName = AlunoTests;
			productReference = 12D35D5619141C51004D6D42 /* AlunoTests.octest */;
			productType = "com.apple.product-type.bundle";
		};
/* End PBXNativeTarget section */

/* Begin PBXProject section */
		12D35D2E19141C50004D6D42 /* Project object */ = {
			isa = PBXProject;
			attributes = {
				LastUpgradeCheck = 0460;
				ORGANIZATIONNAME = Cotrim;
			};
			buildConfigurationList = 12D35D3119141C50004D6D42 /* Build configuration list for PBXProject "Aluno" */;
			compatibilityVersion = "Xcode 3.2";
			developmentRegion = English;
			hasScannedForEncodings = 0;
			knownRegions = (
				en,
			);
			mainGroup = 12D35D2D19141C50004D6D42;
			productRefGroup = 12D35D3719141C51004D6D42 /* Products */;
			projectDirPath = "";
			projectRoot = "";
			targets = (
				12D35D3519141C50004D6D42 /* Aluno */,
				12D35D5519141C51004D6D42 /* AlunoTests */,
			);
		};
/* End PBXProject section */

/* Begin PBXResourcesBuildPhase section */
		12D35D3419141C50004D6D42 /* Resources */ = {
			isa = PBXResourcesBuildPhase;
			buildActionMask = 2147483647;
			files = (
				12D35D4419141C51004D6D42 /* InfoPlist.strings in Resources */,
				12D35D4A19141C51004D6D42 /* Credits.rtf in Resources */,
				12D35D5019141C51004D6D42 /* MainMenu.xib in Resources */,
				12D35DB719152E8B004D6D42 /* grupos_d110.txt in Resources */,
			);
			runOnlyForDeploymentPostprocessing = 0;
		};
		12D35D5319141C51004D6D42 /* Resources */ = {
			isa = PBXResourcesBuildPhase;
			buildActionMask = 2147483647;
			files = (
				12D35D6119141C51004D6D42 /* InfoPlist.strings in Resources */,
			);
			runOnlyForDeploymentPostprocessing = 0;
		};
/* End PBXResourcesBuildPhase section */

/* Begin PBXShellScriptBuildPhase section */
		12D35D5419141C51004D6D42 /* ShellScript */ = {
			isa = PBXShellScriptBuildPhase;
			buildActionMask = 2147483647;
			files = (
			);
			inputPaths = (
			);
			outputPaths = (
			);
			runOnlyForDeploymentPostprocessing = 0;
			shellPath = /bin/sh;
			shellScript = "# Run the unit tests in this test bundle.\n\"${SYSTEM_DEVELOPER_DIR}/Tools/RunUnitTests\"\n";
		};
/* End PBXShellScriptBuildPhase section */

/* Begin PBXSourcesBuildPhase section */
		12D35D3219141C50004D6D42 /* Sources */ = {
			isa = PBXSourcesBuildPhase;
			buildActionMask = 2147483647;
			files = (
				12D35D4619141C51004D6D42 /* main.m in Sources */,
				12D35D4D19141C51004D6D42 /* AppDelegate.m in Sources */,
				12D35D6F19141F1B004D6D42 /* BEPiDAluno.m in Sources */,
			);
			runOnlyForDeploymentPostprocessing = 0;
		};
		12D35D5119141C51004D6D42 /* Sources */ = {
			isa = PBXSourcesBuildPhase;
			buildActionMask = 2147483647;
			files = (
				12D35D6419141C51004D6D42 /* AlunoTests.m in Sources */,
			);
			runOnlyForDeploymentPostprocessing = 0;
		};
/* End PBXSourcesBuildPhase section */

/* Begin PBXTargetDependency section */
		12D35D5B19141C51004D6D42 /* PBXTargetDependency */ = {
			isa = PBXTargetDependency;
			target = 12D35D3519141C50004D6D42 /* Aluno */;
			targetProxy = 12D35D5A19141C51004D6D42 /* PBXContainerItemProxy */;
		};
/* End PBXTargetDependency section */

/* Begin PBXVariantGroup section */
		12D35D4219141C51004D6D42 /* InfoPlist.strings */ = {
			isa = PBXVariantGroup;
			children = (
				12D35D4319141C51004D6D42 /* en */,
			);
			name = InfoPlist.strings;
			sourceTree = "<group>";
		};
		12D35D4819141C51004D6D42 /* Credits.rtf */ = {
			isa = PBXVariantGroup;
			children = (
				12D35D4919141C51004D6D42 /* en */,
			);
			name = Credits.rtf;
			sourceTree = "<group>";
		};
		12D35D4E19141C51004D6D42 /* MainMenu.xib */ = {
			isa = PBXVariantGroup;
			children = (
				12D35D4F19141C51004D6D42 /* en */,
			);
			name = MainMenu.xib;
			sourceTree = "<group>";
		};
		12D35D5F19141C51004D6D42 /* InfoPlist.strings */ = {
			isa = PBXVariantGroup;
			children = (
				12D35D6019141C51004D6D42 /* en */,
			);
			name = InfoPlist.strings;
			sourceTree = "<group>";
		};
/* End PBXVariantGroup section */

/* Begin XCBuildConfiguration section */
		12D35D6519141C51004D6D42 /* Debug */ = {
			isa = XCBuildConfiguration;
			buildSettings = {
				ALWAYS_SEARCH_USER_PATHS = NO;
				ARCHS = "$(ARCHS_STANDARD_64_BIT)";
				CLANG_CXX_LANGUAGE_STANDARD = "gnu++0x";
				CLANG_CXX_LIBRARY = "libc++";
				CLANG_ENABLE_OBJC_ARC = YES;
				CLANG_WARN_CONSTANT_CONVERSION = YES;
				CLANG_WARN_EMPTY_BODY = YES;
				CLANG_WARN_ENUM_CONVERSION = YES;
				CLANG_WARN_INT_CONVERSION = YES;
				CLANG_WARN__DUPLICATE_METHOD_MATCH = YES;
				COPY_PHASE_STRIP = NO;
				GCC_C_LANGUAGE_STANDARD = gnu99;
				GCC_DYNAMIC_NO_PIC = NO;
				GCC_ENABLE_OBJC_EXCEPTIONS = YES;
				GCC_OPTIMIZATION_LEVEL = 0;
				GCC_PREPROCESSOR_DEFINITIONS = (
					"DEBUG=1",
					"$(inherited)",
				);
				GCC_SYMBOLS_PRIVATE_EXTERN = NO;
				GCC_WARN_64_TO_32_BIT_CONVERSION = YES;
				GCC_WARN_ABOUT_RETURN_TYPE = YES;
				GCC_WARN_UNINITIALIZED_AUTOS = YES;
				GCC_WARN_UNUSED_VARIABLE = YES;
				MACOSX_DEPLOYMENT_TARGET = 10.8;
				ONLY_ACTIVE_ARCH = YES;
				SDKROOT = macosx;
			};
			name = Debug;
		};
		12D35D6619141C51004D6D42 /* Release */ = {
			isa = XCBuildConfiguration;
			buildSettings = {
				ALWAYS_SEARCH_USER_PATHS = NO;
				ARCHS = "$(ARCHS_STANDARD_64_BIT)";
				CLANG_CXX_LANGUAGE_STANDARD = "gnu++0x";
				CLANG_CXX_LIBRARY = "libc++";
				CLANG_ENABLE_OBJC_ARC = YES;
				CLANG_WARN_CONSTANT_CONVERSION = YES;
				CLANG_WARN_EMPTY_BODY = YES;
				CLANG_WARN_ENUM_CONVERSION = YES;
				CLANG_WARN_INT_CONVERSION = YES;
				CLANG_WARN__DUPLICATE_METHOD_MATCH = YES;
				COPY_PHASE_STRIP = YES;
				DEBUG_INFORMATION_FORMAT = "dwarf-with-dsym";
				GCC_C_LANGUAGE_STANDARD = gnu99;
				GCC_ENABLE_OBJC_EXCEPTIONS = YES;
				GCC_WARN_64_TO_32_BIT_CONVERSION = YES;
				GCC_WARN_ABOUT_RETURN_TYPE = YES;
				GCC_WARN_UNINITIALIZED_AUTOS = YES;
				GCC_WARN_UNUSED_VARIABLE = YES;
				MACOSX_DEPLOYMENT_TARGET = 10.8;
				SDKROOT = macosx;
			};
			name = Release;
		};
		12D35D6819141C51004D6D42 /* Debug */ = {
			isa = XCBuildConfiguration;
			buildSettings = {
				COMBINE_HIDPI_IMAGES = YES;
				GCC_PRECOMPILE_PREFIX_HEADER = YES;
				GCC_PREFIX_HEADER = "Aluno/Aluno-Prefix.pch";
				INFOPLIST_FILE = "Aluno/Aluno-Info.plist";
				PRODUCT_NAME = "$(TARGET_NAME)";
				WRAPPER_EXTENSION = app;
			};
			name = Debug;
		};
		12D35D6919141C51004D6D42 /* Release */ = {
			isa = XCBuildConfiguration;
			buildSettings = {
				COMBINE_HIDPI_IMAGES = YES;
				GCC_PRECOMPILE_PREFIX_HEADER = YES;
				GCC_PREFIX_HEADER = "Aluno/Aluno-Prefix.pch";
				INFOPLIST_FILE = "Aluno/Aluno-Info.plist";
				PRODUCT_NAME = "$(TARGET_NAME)";
				WRAPPER_EXTENSION = app;
			};
			name = Release;
		};
		12D35D6B19141C51004D6D42 /* Debug */ = {
			isa = XCBuildConfiguration;
			buildSettings = {
				BUNDLE_LOADER = "$(BUILT_PRODUCTS_DIR)/Aluno.app/Contents/MacOS/Aluno";
				COMBINE_HIDPI_IMAGES = YES;
				FRAMEWORK_SEARCH_PATHS = "\"$(DEVELOPER_LIBRARY_DIR)/Frameworks\"";
				GCC_PRECOMPILE_PREFIX_HEADER = YES;
				GCC_PREFIX_HEADER = "Aluno/Aluno-Prefix.pch";
				INFOPLIST_FILE = "AlunoTests/AlunoTests-Info.plist";
				PRODUCT_NAME = "$(TARGET_NAME)";
				TEST_HOST = "$(BUNDLE_LOADER)";
				WRAPPER_EXTENSION = octest;
			};
			name = Debug;
		};
		12D35D6C19141C51004D6D42 /* Release */ = {
			isa = XCBuildConfiguration;
			buildSettings = {
				BUNDLE_LOADER = "$(BUILT_PRODUCTS_DIR)/Aluno.app/Contents/MacOS/Aluno";
				COMBINE_HIDPI_IMAGES = YES;
				FRAMEWORK_SEARCH_PATHS = "\"$(DEVELOPER_LIBRARY_DIR)/Frameworks\"";
				GCC_PRECOMPILE_PREFIX_HEADER = YES;
				GCC_PREFIX_HEADER = "Aluno/Aluno-Prefix.pch";
				INFOPLIST_FILE = "AlunoTests/AlunoTests-Info.plist";
				PRODUCT_NAME = "$(TARGET_NAME)";
				TEST_HOST = "$(BUNDLE_LOADER)";
				WRAPPER_EXTENSION = octest;
			};
			name = Release;
		};
/* End XCBuildConfiguration section */

/* Begin XCConfigurationList section */
		12D35D3119141C50004D6D42 /* Build configuration list for PBXProject "Aluno" */ = {
			isa = XCConfigurationList;
			buildConfigurations = (
				12D35D6519141C51004D6D42 /* Debug */,
				12D35D6619141C51004D6D42 /* Release */,
			);
			defaultConfigurationIsVisible = 0;
			defaultConfigurationName = Release;
		};
		12D35D6719141C51004D6D42 /* Build configuration list for PBXNativeTarget "Aluno" */ = {
			isa = XCConfigurationList;
			buildConfigurations = (
				12D35D6819141C51004D6D42 /* Debug */,
				12D35D6919141C51004D6D42 /* Release */,
			);
			defaultConfigurationIsVisible = 0;
		};
		12D35D6A19141C51004D6D42 /* Build configuration list for PBXNativeTarget "AlunoTests" */ = {
			isa = XCConfigurationList;
			buildConfigurations = (
				12D35D6B19141C51004D6D42 /* Debug */,
				12D35D6C19141C51004D6D42 /* Release */,
			);
			defaultConfigurationIsVisible = 0;
		};
/* End XCConfigurationList section */
	};
	rootObject = 12D35D2E19141C50004D6D42 /* Project object */;
}
